
Microsoft Visual Studio Solution File, Format Version 12.00
# Visual Studio Version 17
VisualStudioVersion = 17.9.34622.214
MinimumVisualStudioVersion = 10.0.40219.1
Project("{FAE04EC0-301F-11D3-BF4B-00C04F79EFBC}") = "Lez_02_06_CicliSemplici", "Lez_02_06_CicliSemplici\Lez_02_06_CicliSemplici.csproj", "{9F58074E-6E33-43BE-974C-3A3D174950B2}"
EndProject
Global
	GlobalSection(SolutionConfigurationPlatforms) = preSolution
		Debug|Any CPU = Debug|Any CPU
		Release|Any CPU = Release|Any CPU
	EndGlobalSection
	GlobalSection(ProjectConfigurationPlatforms) = postSolution
		{9F58074E-6E33-43BE-974C-3A3D174950B2}.Debug|Any CPU.ActiveCfg = Debug|Any CPU
		{9F58074E-6E33-43BE-974C-3A3D174950B2}.Debug|Any CPU.Build.0 = Debug|Any CPU
		{9F58074E-6E33-43BE-974C-3A3D174950B2}.Release|Any CPU.ActiveCfg = Release|Any CPU
		{9F58074E-6E33-43BE-974C-3A3D174950B2}.Release|Any CPU.Build.0 = Release|Any CPU
	EndGlobalSection
	GlobalSection(SolutionProperties) = preSolution
		HideSolutionNode = FALSE
	EndGlobalSection
	GlobalSection(ExtensibilityGlobals) = postSolution
		SolutionGuid = {CED80B1C-B2EC-4C97-898E-B6D5E1711055}
	EndGlobalSection
EndGlobal
