
Microsoft Visual Studio Solution File, Format Version 12.00
# Visual Studio Version 17
VisualStudioVersion = 17.9.34622.214
MinimumVisualStudioVersion = 10.0.40219.1
Project("{FAE04EC0-301F-11D3-BF4B-00C04F79EFBC}") = "Lez_04_07_Parziali", "Lez_04_07_Parziali\Lez_04_07_Parziali.csproj", "{0BD111C7-EADC-4BCE-9632-F52423234676}"
EndProject
Global
	GlobalSection(SolutionConfigurationPlatforms) = preSolution
		Debug|Any CPU = Debug|Any CPU
		Release|Any CPU = Release|Any CPU
	EndGlobalSection
	GlobalSection(ProjectConfigurationPlatforms) = postSolution
		{0BD111C7-EADC-4BCE-9632-F52423234676}.Debug|Any CPU.ActiveCfg = Debug|Any CPU
		{0BD111C7-EADC-4BCE-9632-F52423234676}.Debug|Any CPU.Build.0 = Debug|Any CPU
		{0BD111C7-EADC-4BCE-9632-F52423234676}.Release|Any CPU.ActiveCfg = Release|Any CPU
		{0BD111C7-EADC-4BCE-9632-F52423234676}.Release|Any CPU.Build.0 = Release|Any CPU
	EndGlobalSection
	GlobalSection(SolutionProperties) = preSolution
		HideSolutionNode = FALSE
	EndGlobalSection
	GlobalSection(ExtensibilityGlobals) = postSolution
		SolutionGuid = {A9293737-7E9C-4C54-98B7-23D145203F25}
	EndGlobalSection
EndGlobal
