
Microsoft Visual Studio Solution File, Format Version 12.00
# Visual Studio Version 17
VisualStudioVersion = 17.9.34622.214
MinimumVisualStudioVersion = 10.0.40219.1
Project("{FAE04EC0-301F-11D3-BF4B-00C04F79EFBC}") = "LINQ_lez_01_filtro__numeri", "LINQ_lez_01_filtro__numeri\LINQ_lez_01_filtro__numeri.csproj", "{83F575CB-BE12-4E75-B744-E8AA0FF8E7D0}"
EndProject
Global
	GlobalSection(SolutionConfigurationPlatforms) = preSolution
		Debug|Any CPU = Debug|Any CPU
		Release|Any CPU = Release|Any CPU
	EndGlobalSection
	GlobalSection(ProjectConfigurationPlatforms) = postSolution
		{83F575CB-BE12-4E75-B744-E8AA0FF8E7D0}.Debug|Any CPU.ActiveCfg = Debug|Any CPU
		{83F575CB-BE12-4E75-B744-E8AA0FF8E7D0}.Debug|Any CPU.Build.0 = Debug|Any CPU
		{83F575CB-BE12-4E75-B744-E8AA0FF8E7D0}.Release|Any CPU.ActiveCfg = Release|Any CPU
		{83F575CB-BE12-4E75-B744-E8AA0FF8E7D0}.Release|Any CPU.Build.0 = Release|Any CPU
	EndGlobalSection
	GlobalSection(SolutionProperties) = preSolution
		HideSolutionNode = FALSE
	EndGlobalSection
	GlobalSection(ExtensibilityGlobals) = postSolution
		SolutionGuid = {CB66AC33-0F65-4D84-B6EF-EC70239C5BCC}
	EndGlobalSection
EndGlobal
