
Microsoft Visual Studio Solution File, Format Version 12.00
# Visual Studio Version 17
VisualStudioVersion = 17.9.34622.214
MinimumVisualStudioVersion = 10.0.40219.1
Project("{FAE04EC0-301F-11D3-BF4B-00C04F79EFBC}") = "Lez_04_09_Poly", "Lez_04_09_Poly\Lez_04_09_Poly.csproj", "{372383D3-6784-4D20-9917-762958DF079E}"
EndProject
Global
	GlobalSection(SolutionConfigurationPlatforms) = preSolution
		Debug|Any CPU = Debug|Any CPU
		Release|Any CPU = Release|Any CPU
	EndGlobalSection
	GlobalSection(ProjectConfigurationPlatforms) = postSolution
		{372383D3-6784-4D20-9917-762958DF079E}.Debug|Any CPU.ActiveCfg = Debug|Any CPU
		{372383D3-6784-4D20-9917-762958DF079E}.Debug|Any CPU.Build.0 = Debug|Any CPU
		{372383D3-6784-4D20-9917-762958DF079E}.Release|Any CPU.ActiveCfg = Release|Any CPU
		{372383D3-6784-4D20-9917-762958DF079E}.Release|Any CPU.Build.0 = Release|Any CPU
	EndGlobalSection
	GlobalSection(SolutionProperties) = preSolution
		HideSolutionNode = FALSE
	EndGlobalSection
	GlobalSection(ExtensibilityGlobals) = postSolution
		SolutionGuid = {4698ACE6-630C-4D08-859F-5D554D8999CE}
	EndGlobalSection
EndGlobal
