
Microsoft Visual Studio Solution File, Format Version 12.00
# Visual Studio Version 17
VisualStudioVersion = 17.9.34622.214
MinimumVisualStudioVersion = 10.0.40219.1
Project("{FAE04EC0-301F-11D3-BF4B-00C04F79EFBC}") = "Lez_03_02_ContenitoriComplessi", "Lez_03_02_ContenitoriComplessi\Lez_03_02_ContenitoriComplessi.csproj", "{AE5081ED-5C17-40BC-9559-D675176AC75B}"
EndProject
Global
	GlobalSection(SolutionConfigurationPlatforms) = preSolution
		Debug|Any CPU = Debug|Any CPU
		Release|Any CPU = Release|Any CPU
	EndGlobalSection
	GlobalSection(ProjectConfigurationPlatforms) = postSolution
		{AE5081ED-5C17-40BC-9559-D675176AC75B}.Debug|Any CPU.ActiveCfg = Debug|Any CPU
		{AE5081ED-5C17-40BC-9559-D675176AC75B}.Debug|Any CPU.Build.0 = Debug|Any CPU
		{AE5081ED-5C17-40BC-9559-D675176AC75B}.Release|Any CPU.ActiveCfg = Release|Any CPU
		{AE5081ED-5C17-40BC-9559-D675176AC75B}.Release|Any CPU.Build.0 = Release|Any CPU
	EndGlobalSection
	GlobalSection(SolutionProperties) = preSolution
		HideSolutionNode = FALSE
	EndGlobalSection
	GlobalSection(ExtensibilityGlobals) = postSolution
		SolutionGuid = {6DD429A6-EB80-482E-BDE7-B95E97899B61}
	EndGlobalSection
EndGlobal
